
Microsoft Visual Studio Solution File, Format Version 12.00
# Visual Studio Version 16
VisualStudioVersion = 16.0.29306.81
MinimumVisualStudioVersion = 10.0.40219.1
Project("{FAE04EC0-301F-11D3-BF4B-00C04F79EFBC}") = "XFI", "XFI\XFI.csproj", "{4C8A7791-D0AD-4971-B6FD-29CA6213AAE7}"
EndProject
Global
	GlobalSection(SolutionConfigurationPlatforms) = preSolution
		Debug|Any CPU = Debug|Any CPU
		Release|Any CPU = Release|Any CPU
	EndGlobalSection
	GlobalSection(ProjectConfigurationPlatforms) = postSolution
		{4C8A7791-D0AD-4971-B6FD-29CA6213AAE7}.Debug|Any CPU.ActiveCfg = Debug|Any CPU
		{4C8A7791-D0AD-4971-B6FD-29CA6213AAE7}.Debug|Any CPU.Build.0 = Debug|Any CPU
		{4C8A7791-D0AD-4971-B6FD-29CA6213AAE7}.Release|Any CPU.ActiveCfg = Release|Any CPU
		{4C8A7791-D0AD-4971-B6FD-29CA6213AAE7}.Release|Any CPU.Build.0 = Release|Any CPU
	EndGlobalSection
	GlobalSection(SolutionProperties) = preSolution
		HideSolutionNode = FALSE
	EndGlobalSection
	GlobalSection(ExtensibilityGlobals) = postSolution
		SolutionGuid = {1F2F945D-9FED-42F7-A1ED-4DFDE3B2CDBC}
	EndGlobalSection
EndGlobal
